
Microsoft Visual Studio Solution File, Format Version 12.00
# Visual Studio Version 16
VisualStudioVersion = 16.0.32802.440
MinimumVisualStudioVersion = 10.0.40219.1
Project("{FAE04EC0-301F-11D3-BF4B-00C04F79EFBC}") = "FactoryMethotd", "FactoryMethotd\FactoryMethotd.csproj", "{434D0899-F086-48AF-8C40-413E02000E63}"
EndProject
Global
	GlobalSection(SolutionConfigurationPlatforms) = preSolution
		Debug|Any CPU = Debug|Any CPU
		Release|Any CPU = Release|Any CPU
	EndGlobalSection
	GlobalSection(ProjectConfigurationPlatforms) = postSolution
		{434D0899-F086-48AF-8C40-413E02000E63}.Debug|Any CPU.ActiveCfg = Debug|Any CPU
		{434D0899-F086-48AF-8C40-413E02000E63}.Debug|Any CPU.Build.0 = Debug|Any CPU
		{434D0899-F086-48AF-8C40-413E02000E63}.Release|Any CPU.ActiveCfg = Release|Any CPU
		{434D0899-F086-48AF-8C40-413E02000E63}.Release|Any CPU.Build.0 = Release|Any CPU
	EndGlobalSection
	GlobalSection(SolutionProperties) = preSolution
		HideSolutionNode = FALSE
	EndGlobalSection
	GlobalSection(ExtensibilityGlobals) = postSolution
		SolutionGuid = {C701F789-A903-4F22-A67F-26D1D667C517}
	EndGlobalSection
EndGlobal
